// !$*UTF8*$!
{
	archiveVersion = 1;
	classes = {
	};
	objectVersion = 46;
	objects = {

/* Begin PBXBuildFile section */
		F12052051B4B33F8004271BF /* OnDeckTableViewCell.swift in Sources */ = {isa = PBXBuildFile; fileRef = F12052041B4B33F7004271BF /* OnDeckTableViewCell.swift */; };
		F12052071B4B470C004271BF /* RestOfGroupTableViewCell.swift in Sources */ = {isa = PBXBuildFile; fileRef = F12052061B4B470C004271BF /* RestOfGroupTableViewCell.swift */; };
		F120520B1B4B6BE7004271BF /* GroupSettingsTableViewController.swift in Sources */ = {isa = PBXBuildFile; fileRef = F120520A1B4B6BE7004271BF /* GroupSettingsTableViewController.swift */; };
		F120520D1B4C764E004271BF /* GroupActionsTableViewCell.swift in Sources */ = {isa = PBXBuildFile; fileRef = F120520C1B4C764E004271BF /* GroupActionsTableViewCell.swift */; };
		F120520F1B4C8DFD004271BF /* CreateAccountViewController.swift in Sources */ = {isa = PBXBuildFile; fileRef = F120520E1B4C8DFD004271BF /* CreateAccountViewController.swift */; };
		F12052111B4C92BA004271BF /* LoginViewController.swift in Sources */ = {isa = PBXBuildFile; fileRef = F12052101B4C92BA004271BF /* LoginViewController.swift */; };
		F19C0A8A1B33323600B3CD09 /* TheGroupTableViewController.swift in Sources */ = {isa = PBXBuildFile; fileRef = F19C0A891B33323600B3CD09 /* TheGroupTableViewController.swift */; };
		F19C0A8C1B35ECE300B3CD09 /* TheDesiTableViewCell.swift in Sources */ = {isa = PBXBuildFile; fileRef = F19C0A8B1B35ECE300B3CD09 /* TheDesiTableViewCell.swift */; };
		F1C220EB1B1BCFBB00D628CA /* DesiGroupsTableViewCell.swift in Sources */ = {isa = PBXBuildFile; fileRef = F1C220EA1B1BCFBB00D628CA /* DesiGroupsTableViewCell.swift */; };
		F1C220ED1B1BD75300D628CA /* NewDesiGroupTableViewController.swift in Sources */ = {isa = PBXBuildFile; fileRef = F1C220EC1B1BD75300D628CA /* NewDesiGroupTableViewController.swift */; };
		F1D9CD711B12F4CD0052F810 /* AppDelegate.swift in Sources */ = {isa = PBXBuildFile; fileRef = F1D9CD701B12F4CD0052F810 /* AppDelegate.swift */; };
		F1D9CD731B12F4CD0052F810 /* ViewController.swift in Sources */ = {isa = PBXBuildFile; fileRef = F1D9CD721B12F4CD0052F810 /* ViewController.swift */; };
		F1D9CD761B12F4CD0052F810 /* Main.storyboard in Resources */ = {isa = PBXBuildFile; fileRef = F1D9CD741B12F4CD0052F810 /* Main.storyboard */; };
		F1D9CD781B12F4CD0052F810 /* Images.xcassets in Resources */ = {isa = PBXBuildFile; fileRef = F1D9CD771B12F4CD0052F810 /* Images.xcassets */; };
		F1D9CD7B1B12F4CD0052F810 /* LaunchScreen.xib in Resources */ = {isa = PBXBuildFile; fileRef = F1D9CD791B12F4CD0052F810 /* LaunchScreen.xib */; };
		F1D9CD871B12F4CD0052F810 /* DesiTests.swift in Sources */ = {isa = PBXBuildFile; fileRef = F1D9CD861B12F4CD0052F810 /* DesiTests.swift */; };
		F1D9CD931B12FB340052F810 /* DesiUser.swift in Sources */ = {isa = PBXBuildFile; fileRef = F1D9CD921B12FB340052F810 /* DesiUser.swift */; };
		F1D9CD951B12FD910052F810 /* DesiGroup.swift in Sources */ = {isa = PBXBuildFile; fileRef = F1D9CD941B12FD910052F810 /* DesiGroup.swift */; };
		F1D9CD991B13E87C0052F810 /* DesiGroupsTableViewController.swift in Sources */ = {isa = PBXBuildFile; fileRef = F1D9CD981B13E87C0052F810 /* DesiGroupsTableViewController.swift */; };
		F1D9CD9B1B1970090052F810 /* SampleData.swift in Sources */ = {isa = PBXBuildFile; fileRef = F1D9CD9A1B1970090052F810 /* SampleData.swift */; };
		F1DCDBAA1B4F351200E4C048 /* Desi.xcdatamodeld in Sources */ = {isa = PBXBuildFile; fileRef = F1DCDBA81B4F351200E4C048 /* Desi.xcdatamodeld */; };
/* End PBXBuildFile section */

/* Begin PBXContainerItemProxy section */
		F1D9CD811B12F4CD0052F810 /* PBXContainerItemProxy */ = {
			isa = PBXContainerItemProxy;
			containerPortal = F1D9CD631B12F4CD0052F810 /* Project object */;
			proxyType = 1;
			remoteGlobalIDString = F1D9CD6A1B12F4CD0052F810;
			remoteInfo = Desi;
		};
/* End PBXContainerItemProxy section */

/* Begin PBXFileReference section */
		F12052041B4B33F7004271BF /* OnDeckTableViewCell.swift */ = {isa = PBXFileReference; fileEncoding = 4; lastKnownFileType = sourcecode.swift; path = OnDeckTableViewCell.swift; sourceTree = "<group>"; };
		F12052061B4B470C004271BF /* RestOfGroupTableViewCell.swift */ = {isa = PBXFileReference; fileEncoding = 4; lastKnownFileType = sourcecode.swift; path = RestOfGroupTableViewCell.swift; sourceTree = "<group>"; };
		F120520A1B4B6BE7004271BF /* GroupSettingsTableViewController.swift */ = {isa = PBXFileReference; fileEncoding = 4; lastKnownFileType = sourcecode.swift; path = GroupSettingsTableViewController.swift; sourceTree = "<group>"; };
		F120520C1B4C764E004271BF /* GroupActionsTableViewCell.swift */ = {isa = PBXFileReference; fileEncoding = 4; lastKnownFileType = sourcecode.swift; path = GroupActionsTableViewCell.swift; sourceTree = "<group>"; };
		F120520E1B4C8DFD004271BF /* CreateAccountViewController.swift */ = {isa = PBXFileReference; fileEncoding = 4; lastKnownFileType = sourcecode.swift; path = CreateAccountViewController.swift; sourceTree = "<group>"; };
		F12052101B4C92BA004271BF /* LoginViewController.swift */ = {isa = PBXFileReference; fileEncoding = 4; lastKnownFileType = sourcecode.swift; path = LoginViewController.swift; sourceTree = "<group>"; };
		F19C0A891B33323600B3CD09 /* TheGroupTableViewController.swift */ = {isa = PBXFileReference; fileEncoding = 4; lastKnownFileType = sourcecode.swift; path = TheGroupTableViewController.swift; sourceTree = "<group>"; };
		F19C0A8B1B35ECE300B3CD09 /* TheDesiTableViewCell.swift */ = {isa = PBXFileReference; fileEncoding = 4; lastKnownFileType = sourcecode.swift; path = TheDesiTableViewCell.swift; sourceTree = "<group>"; };
		F1C220EA1B1BCFBB00D628CA /* DesiGroupsTableViewCell.swift */ = {isa = PBXFileReference; fileEncoding = 4; lastKnownFileType = sourcecode.swift; path = DesiGroupsTableViewCell.swift; sourceTree = "<group>"; };
		F1C220EC1B1BD75300D628CA /* NewDesiGroupTableViewController.swift */ = {isa = PBXFileReference; fileEncoding = 4; lastKnownFileType = sourcecode.swift; path = NewDesiGroupTableViewController.swift; sourceTree = "<group>"; };
		F1D9CD6B1B12F4CD0052F810 /* Desi.app */ = {isa = PBXFileReference; explicitFileType = wrapper.application; includeInIndex = 0; path = Desi.app; sourceTree = BUILT_PRODUCTS_DIR; };
		F1D9CD6F1B12F4CD0052F810 /* Info.plist */ = {isa = PBXFileReference; lastKnownFileType = text.plist.xml; path = Info.plist; sourceTree = "<group>"; };
		F1D9CD701B12F4CD0052F810 /* AppDelegate.swift */ = {isa = PBXFileReference; lastKnownFileType = sourcecode.swift; path = AppDelegate.swift; sourceTree = "<group>"; };
		F1D9CD721B12F4CD0052F810 /* ViewController.swift */ = {isa = PBXFileReference; lastKnownFileType = sourcecode.swift; path = ViewController.swift; sourceTree = "<group>"; };
		F1D9CD751B12F4CD0052F810 /* Base */ = {isa = PBXFileReference; lastKnownFileType = file.storyboard; name = Base; path = Base.lproj/Main.storyboard; sourceTree = "<group>"; };
		F1D9CD771B12F4CD0052F810 /* Images.xcassets */ = {isa = PBXFileReference; lastKnownFileType = folder.assetcatalog; path = Images.xcassets; sourceTree = "<group>"; };
		F1D9CD7A1B12F4CD0052F810 /* Base */ = {isa = PBXFileReference; lastKnownFileType = file.xib; name = Base; path = Base.lproj/LaunchScreen.xib; sourceTree = "<group>"; };
		F1D9CD801B12F4CD0052F810 /* DesiTests.xctest */ = {isa = PBXFileReference; explicitFileType = wrapper.cfbundle; includeInIndex = 0; path = DesiTests.xctest; sourceTree = BUILT_PRODUCTS_DIR; };
		F1D9CD851B12F4CD0052F810 /* Info.plist */ = {isa = PBXFileReference; lastKnownFileType = text.plist.xml; path = Info.plist; sourceTree = "<group>"; };
		F1D9CD861B12F4CD0052F810 /* DesiTests.swift */ = {isa = PBXFileReference; lastKnownFileType = sourcecode.swift; path = DesiTests.swift; sourceTree = "<group>"; };
		F1D9CD921B12FB340052F810 /* DesiUser.swift */ = {isa = PBXFileReference; fileEncoding = 4; lastKnownFileType = sourcecode.swift; path = DesiUser.swift; sourceTree = "<group>"; };
		F1D9CD941B12FD910052F810 /* DesiGroup.swift */ = {isa = PBXFileReference; fileEncoding = 4; lastKnownFileType = sourcecode.swift; path = DesiGroup.swift; sourceTree = "<group>"; };
		F1D9CD981B13E87C0052F810 /* DesiGroupsTableViewController.swift */ = {isa = PBXFileReference; fileEncoding = 4; lastKnownFileType = sourcecode.swift; path = DesiGroupsTableViewController.swift; sourceTree = "<group>"; };
		F1D9CD9A1B1970090052F810 /* SampleData.swift */ = {isa = PBXFileReference; fileEncoding = 4; lastKnownFileType = sourcecode.swift; path = SampleData.swift; sourceTree = "<group>"; };
		F1DCDBA91B4F351200E4C048 /* Desi.xcdatamodel */ = {isa = PBXFileReference; lastKnownFileType = wrapper.xcdatamodel; path = Desi.xcdatamodel; sourceTree = "<group>"; };
/* End PBXFileReference section */

/* Begin PBXFrameworksBuildPhase section */
		F1D9CD681B12F4CD0052F810 /* Frameworks */ = {
			isa = PBXFrameworksBuildPhase;
			buildActionMask = 2147483647;
			files = (
			);
			runOnlyForDeploymentPostprocessing = 0;
		};
		F1D9CD7D1B12F4CD0052F810 /* Frameworks */ = {
			isa = PBXFrameworksBuildPhase;
			buildActionMask = 2147483647;
			files = (
			);
			runOnlyForDeploymentPostprocessing = 0;
		};
/* End PBXFrameworksBuildPhase section */

/* Begin PBXGroup section */
		F1D9CD621B12F4CD0052F810 = {
			isa = PBXGroup;
			children = (
				F1D9CD6D1B12F4CD0052F810 /* Desi */,
				F1D9CD831B12F4CD0052F810 /* DesiTests */,
				F1D9CD6C1B12F4CD0052F810 /* Products */,
			);
			sourceTree = "<group>";
		};
		F1D9CD6C1B12F4CD0052F810 /* Products */ = {
			isa = PBXGroup;
			children = (
				F1D9CD6B1B12F4CD0052F810 /* Desi.app */,
				F1D9CD801B12F4CD0052F810 /* DesiTests.xctest */,
			);
			name = Products;
			sourceTree = "<group>";
		};
		F1D9CD6D1B12F4CD0052F810 /* Desi */ = {
			isa = PBXGroup;
			children = (
				F1D9CD701B12F4CD0052F810 /* AppDelegate.swift */,
				F1D9CD721B12F4CD0052F810 /* ViewController.swift */,
				F1D9CD741B12F4CD0052F810 /* Main.storyboard */,
				F12052101B4C92BA004271BF /* LoginViewController.swift */,
				F120520E1B4C8DFD004271BF /* CreateAccountViewController.swift */,
				F120520C1B4C764E004271BF /* GroupActionsTableViewCell.swift */,
				F120520A1B4B6BE7004271BF /* GroupSettingsTableViewController.swift */,
				F12052061B4B470C004271BF /* RestOfGroupTableViewCell.swift */,
				F12052041B4B33F7004271BF /* OnDeckTableViewCell.swift */,
				F19C0A8B1B35ECE300B3CD09 /* TheDesiTableViewCell.swift */,
				F19C0A891B33323600B3CD09 /* TheGroupTableViewController.swift */,
				F1C220EC1B1BD75300D628CA /* NewDesiGroupTableViewController.swift */,
				F1C220EA1B1BCFBB00D628CA /* DesiGroupsTableViewCell.swift */,
				F1D9CD981B13E87C0052F810 /* DesiGroupsTableViewController.swift */,
				F1D9CD941B12FD910052F810 /* DesiGroup.swift */,
				F1D9CD9A1B1970090052F810 /* SampleData.swift */,
				F1D9CD921B12FB340052F810 /* DesiUser.swift */,
				F1D9CD771B12F4CD0052F810 /* Images.xcassets */,
				F1D9CD791B12F4CD0052F810 /* LaunchScreen.xib */,
				F1DCDBA81B4F351200E4C048 /* Desi.xcdatamodeld */,
				F1D9CD6E1B12F4CD0052F810 /* Supporting Files */,
			);
			path = Desi;
			sourceTree = "<group>";
		};
		F1D9CD6E1B12F4CD0052F810 /* Supporting Files */ = {
			isa = PBXGroup;
			children = (
				F1D9CD6F1B12F4CD0052F810 /* Info.plist */,
			);
			name = "Supporting Files";
			sourceTree = "<group>";
		};
		F1D9CD831B12F4CD0052F810 /* DesiTests */ = {
			isa = PBXGroup;
			children = (
				F1D9CD861B12F4CD0052F810 /* DesiTests.swift */,
				F1D9CD841B12F4CD0052F810 /* Supporting Files */,
			);
			path = DesiTests;
			sourceTree = "<group>";
		};
		F1D9CD841B12F4CD0052F810 /* Supporting Files */ = {
			isa = PBXGroup;
			children = (
				F1D9CD851B12F4CD0052F810 /* Info.plist */,
			);
			name = "Supporting Files";
			sourceTree = "<group>";
		};
/* End PBXGroup section */

/* Begin PBXNativeTarget section */
		F1D9CD6A1B12F4CD0052F810 /* Desi */ = {
			isa = PBXNativeTarget;
			buildConfigurationList = F1D9CD8A1B12F4CD0052F810 /* Build configuration list for PBXNativeTarget "Desi" */;
			buildPhases = (
				F1D9CD671B12F4CD0052F810 /* Sources */,
				F1D9CD681B12F4CD0052F810 /* Frameworks */,
				F1D9CD691B12F4CD0052F810 /* Resources */,
			);
			buildRules = (
			);
			dependencies = (
			);
			name = Desi;
			productName = Desi;
			productReference = F1D9CD6B1B12F4CD0052F810 /* Desi.app */;
			productType = "com.apple.product-type.application";
		};
		F1D9CD7F1B12F4CD0052F810 /* DesiTests */ = {
			isa = PBXNativeTarget;
			buildConfigurationList = F1D9CD8D1B12F4CD0052F810 /* Build configuration list for PBXNativeTarget "DesiTests" */;
			buildPhases = (
				F1D9CD7C1B12F4CD0052F810 /* Sources */,
				F1D9CD7D1B12F4CD0052F810 /* Frameworks */,
				F1D9CD7E1B12F4CD0052F810 /* Resources */,
			);
			buildRules = (
			);
			dependencies = (
				F1D9CD821B12F4CD0052F810 /* PBXTargetDependency */,
			);
			name = DesiTests;
			productName = DesiTests;
			productReference = F1D9CD801B12F4CD0052F810 /* DesiTests.xctest */;
			productType = "com.apple.product-type.bundle.unit-test";
		};
/* End PBXNativeTarget section */

/* Begin PBXProject section */
		F1D9CD631B12F4CD0052F810 /* Project object */ = {
			isa = PBXProject;
			attributes = {
				LastUpgradeCheck = 0630;
				ORGANIZATIONNAME = Desi;
				TargetAttributes = {
					F1D9CD6A1B12F4CD0052F810 = {
						CreatedOnToolsVersion = 6.3.2;
					};
					F1D9CD7F1B12F4CD0052F810 = {
						CreatedOnToolsVersion = 6.3.2;
						TestTargetID = F1D9CD6A1B12F4CD0052F810;
					};
				};
			};
			buildConfigurationList = F1D9CD661B12F4CD0052F810 /* Build configuration list for PBXProject "Desi" */;
			compatibilityVersion = "Xcode 3.2";
			developmentRegion = English;
			hasScannedForEncodings = 0;
			knownRegions = (
				en,
				Base,
			);
			mainGroup = F1D9CD621B12F4CD0052F810;
			productRefGroup = F1D9CD6C1B12F4CD0052F810 /* Products */;
			projectDirPath = "";
			projectRoot = "";
			targets = (
				F1D9CD6A1B12F4CD0052F810 /* Desi */,
				F1D9CD7F1B12F4CD0052F810 /* DesiTests */,
			);
		};
/* End PBXProject section */

/* Begin PBXResourcesBuildPhase section */
		F1D9CD691B12F4CD0052F810 /* Resources */ = {
			isa = PBXResourcesBuildPhase;
			buildActionMask = 2147483647;
			files = (
				F1D9CD761B12F4CD0052F810 /* Main.storyboard in Resources */,
				F1D9CD7B1B12F4CD0052F810 /* LaunchScreen.xib in Resources */,
				F1D9CD781B12F4CD0052F810 /* Images.xcassets in Resources */,
			);
			runOnlyForDeploymentPostprocessing = 0;
		};
		F1D9CD7E1B12F4CD0052F810 /* Resources */ = {
			isa = PBXResourcesBuildPhase;
			buildActionMask = 2147483647;
			files = (
			);
			runOnlyForDeploymentPostprocessing = 0;
		};
/* End PBXResourcesBuildPhase section */

/* Begin PBXSourcesBuildPhase section */
		F1D9CD671B12F4CD0052F810 /* Sources */ = {
			isa = PBXSourcesBuildPhase;
			buildActionMask = 2147483647;
			files = (
				F120520F1B4C8DFD004271BF /* CreateAccountViewController.swift in Sources */,
				F1C220EB1B1BCFBB00D628CA /* DesiGroupsTableViewCell.swift in Sources */,
				F1D9CD991B13E87C0052F810 /* DesiGroupsTableViewController.swift in Sources */,
				F19C0A8A1B33323600B3CD09 /* TheGroupTableViewController.swift in Sources */,
				F1D9CD9B1B1970090052F810 /* SampleData.swift in Sources */,
				F12052071B4B470C004271BF /* RestOfGroupTableViewCell.swift in Sources */,
				F1C220ED1B1BD75300D628CA /* NewDesiGroupTableViewController.swift in Sources */,
				F1D9CD951B12FD910052F810 /* DesiGroup.swift in Sources */,
				F1DCDBAA1B4F351200E4C048 /* Desi.xcdatamodeld in Sources */,
				F120520B1B4B6BE7004271BF /* GroupSettingsTableViewController.swift in Sources */,
				F1D9CD731B12F4CD0052F810 /* ViewController.swift in Sources */,
				F120520D1B4C764E004271BF /* GroupActionsTableViewCell.swift in Sources */,
				F1D9CD931B12FB340052F810 /* DesiUser.swift in Sources */,
				F12052111B4C92BA004271BF /* LoginViewController.swift in Sources */,
				F19C0A8C1B35ECE300B3CD09 /* TheDesiTableViewCell.swift in Sources */,
				F1D9CD711B12F4CD0052F810 /* AppDelegate.swift in Sources */,
				F12052051B4B33F8004271BF /* OnDeckTableViewCell.swift in Sources */,
			);
			runOnlyForDeploymentPostprocessing = 0;
		};
		F1D9CD7C1B12F4CD0052F810 /* Sources */ = {
			isa = PBXSourcesBuildPhase;
			buildActionMask = 2147483647;
			files = (
				F1D9CD871B12F4CD0052F810 /* DesiTests.swift in Sources */,
			);
			runOnlyForDeploymentPostprocessing = 0;
		};
/* End PBXSourcesBuildPhase section */

/* Begin PBXTargetDependency section */
		F1D9CD821B12F4CD0052F810 /* PBXTargetDependency */ = {
			isa = PBXTargetDependency;
			target = F1D9CD6A1B12F4CD0052F810 /* Desi */;
			targetProxy = F1D9CD811B12F4CD0052F810 /* PBXContainerItemProxy */;
		};
/* End PBXTargetDependency section */

/* Begin PBXVariantGroup section */
		F1D9CD741B12F4CD0052F810 /* Main.storyboard */ = {
			isa = PBXVariantGroup;
			children = (
				F1D9CD751B12F4CD0052F810 /* Base */,
			);
			name = Main.storyboard;
			sourceTree = "<group>";
		};
		F1D9CD791B12F4CD0052F810 /* LaunchScreen.xib */ = {
			isa = PBXVariantGroup;
			children = (
				F1D9CD7A1B12F4CD0052F810 /* Base */,
			);
			name = LaunchScreen.xib;
			sourceTree = "<group>";
		};
/* End PBXVariantGroup section */

/* Begin XCBuildConfiguration section */
		F1D9CD881B12F4CD0052F810 /* Debug */ = {
			isa = XCBuildConfiguration;
			buildSettings = {
				ALWAYS_SEARCH_USER_PATHS = NO;
				CLANG_CXX_LANGUAGE_STANDARD = "gnu++0x";
				CLANG_CXX_LIBRARY = "libc++";
				CLANG_ENABLE_MODULES = YES;
				CLANG_ENABLE_OBJC_ARC = YES;
				CLANG_WARN_BOOL_CONVERSION = YES;
				CLANG_WARN_CONSTANT_CONVERSION = YES;
				CLANG_WARN_DIRECT_OBJC_ISA_USAGE = YES_ERROR;
				CLANG_WARN_EMPTY_BODY = YES;
				CLANG_WARN_ENUM_CONVERSION = YES;
				CLANG_WARN_INT_CONVERSION = YES;
				CLANG_WARN_OBJC_ROOT_CLASS = YES_ERROR;
				CLANG_WARN_UNREACHABLE_CODE = YES;
				CLANG_WARN__DUPLICATE_METHOD_MATCH = YES;
				"CODE_SIGN_IDENTITY[sdk=iphoneos*]" = "iPhone Developer";
				COPY_PHASE_STRIP = NO;
				DEBUG_INFORMATION_FORMAT = "dwarf-with-dsym";
				ENABLE_STRICT_OBJC_MSGSEND = YES;
				GCC_C_LANGUAGE_STANDARD = gnu99;
				GCC_DYNAMIC_NO_PIC = NO;
				GCC_NO_COMMON_BLOCKS = YES;
				GCC_OPTIMIZATION_LEVEL = 0;
				GCC_PREPROCESSOR_DEFINITIONS = (
					"DEBUG=1",
					"$(inherited)",
				);
				GCC_SYMBOLS_PRIVATE_EXTERN = NO;
				GCC_WARN_64_TO_32_BIT_CONVERSION = YES;
				GCC_WARN_ABOUT_RETURN_TYPE = YES_ERROR;
				GCC_WARN_UNDECLARED_SELECTOR = YES;
				GCC_WARN_UNINITIALIZED_AUTOS = YES_AGGRESSIVE;
				GCC_WARN_UNUSED_FUNCTION = YES;
				GCC_WARN_UNUSED_VARIABLE = YES;
				IPHONEOS_DEPLOYMENT_TARGET = 8.3;
				MTL_ENABLE_DEBUG_INFO = YES;
				ONLY_ACTIVE_ARCH = YES;
				SDKROOT = iphoneos;
				SWIFT_OPTIMIZATION_LEVEL = "-Onone";
				TARGETED_DEVICE_FAMILY = 1;
			};
			name = Debug;
		};
		F1D9CD891B12F4CD0052F810 /* Release */ = {
			isa = XCBuildConfiguration;
			buildSettings = {
				ALWAYS_SEARCH_USER_PATHS = NO;
				CLANG_CXX_LANGUAGE_STANDARD = "gnu++0x";
				CLANG_CXX_LIBRARY = "libc++";
				CLANG_ENABLE_MODULES = YES;
				CLANG_ENABLE_OBJC_ARC = YES;
				CLANG_WARN_BOOL_CONVERSION = YES;
				CLANG_WARN_CONSTANT_CONVERSION = YES;
				CLANG_WARN_DIRECT_OBJC_ISA_USAGE = YES_ERROR;
				CLANG_WARN_EMPTY_BODY = YES;
				CLANG_WARN_ENUM_CONVERSION = YES;
				CLANG_WARN_INT_CONVERSION = YES;
				CLANG_WARN_OBJC_ROOT_CLASS = YES_ERROR;
				CLANG_WARN_UNREACHABLE_CODE = YES;
				CLANG_WARN__DUPLICATE_METHOD_MATCH = YES;
				"CODE_SIGN_IDENTITY[sdk=iphoneos*]" = "iPhone Developer";
				COPY_PHASE_STRIP = NO;
				DEBUG_INFORMATION_FORMAT = "dwarf-with-dsym";
				ENABLE_NS_ASSERTIONS = NO;
				ENABLE_STRICT_OBJC_MSGSEND = YES;
				GCC_C_LANGUAGE_STANDARD = gnu99;
				GCC_NO_COMMON_BLOCKS = YES;
				GCC_WARN_64_TO_32_BIT_CONVERSION = YES;
				GCC_WARN_ABOUT_RETURN_TYPE = YES_ERROR;
				GCC_WARN_UNDECLARED_SELECTOR = YES;
				GCC_WARN_UNINITIALIZED_AUTOS = YES_AGGRESSIVE;
				GCC_WARN_UNUSED_FUNCTION = YES;
				GCC_WARN_UNUSED_VARIABLE = YES;
				IPHONEOS_DEPLOYMENT_TARGET = 8.3;
				MTL_ENABLE_DEBUG_INFO = NO;
				SDKROOT = iphoneos;
				TARGETED_DEVICE_FAMILY = 1;
				VALIDATE_PRODUCT = YES;
			};
			name = Release;
		};
		F1D9CD8B1B12F4CD0052F810 /* Debug */ = {
			isa = XCBuildConfiguration;
			buildSettings = {
				ASSETCATALOG_COMPILER_APPICON_NAME = AppIcon;
				INFOPLIST_FILE = Desi/Info.plist;
				LD_RUNPATH_SEARCH_PATHS = "$(inherited) @executable_path/Frameworks";
				PRODUCT_NAME = "$(TARGET_NAME)";
			};
			name = Debug;
		};
		F1D9CD8C1B12F4CD0052F810 /* Release */ = {
			isa = XCBuildConfiguration;
			buildSettings = {
				ASSETCATALOG_COMPILER_APPICON_NAME = AppIcon;
				INFOPLIST_FILE = Desi/Info.plist;
				LD_RUNPATH_SEARCH_PATHS = "$(inherited) @executable_path/Frameworks";
				PRODUCT_NAME = "$(TARGET_NAME)";
			};
			name = Release;
		};
		F1D9CD8E1B12F4CD0052F810 /* Debug */ = {
			isa = XCBuildConfiguration;
			buildSettings = {
				BUNDLE_LOADER = "$(TEST_HOST)";
				FRAMEWORK_SEARCH_PATHS = (
					"$(SDKROOT)/Developer/Library/Frameworks",
					"$(inherited)",
				);
				GCC_PREPROCESSOR_DEFINITIONS = (
					"DEBUG=1",
					"$(inherited)",
				);
				INFOPLIST_FILE = DesiTests/Info.plist;
				LD_RUNPATH_SEARCH_PATHS = "$(inherited) @executable_path/Frameworks @loader_path/Frameworks";
				PRODUCT_NAME = "$(TARGET_NAME)";
				TEST_HOST = "$(BUILT_PRODUCTS_DIR)/Desi.app/Desi";
			};
			name = Debug;
		};
		F1D9CD8F1B12F4CD0052F810 /* Release */ = {
			isa = XCBuildConfiguration;
			buildSettings = {
				BUNDLE_LOADER = "$(TEST_HOST)";
				FRAMEWORK_SEARCH_PATHS = (
					"$(SDKROOT)/Developer/Library/Frameworks",
					"$(inherited)",
				);
				INFOPLIST_FILE = DesiTests/Info.plist;
				LD_RUNPATH_SEARCH_PATHS = "$(inherited) @executable_path/Frameworks @loader_path/Frameworks";
				PRODUCT_NAME = "$(TARGET_NAME)";
				TEST_HOST = "$(BUILT_PRODUCTS_DIR)/Desi.app/Desi";
			};
			name = Release;
		};
/* End XCBuildConfiguration section */

/* Begin XCConfigurationList section */
		F1D9CD661B12F4CD0052F810 /* Build configuration list for PBXProject "Desi" */ = {
			isa = XCConfigurationList;
			buildConfigurations = (
				F1D9CD881B12F4CD0052F810 /* Debug */,
				F1D9CD891B12F4CD0052F810 /* Release */,
			);
			defaultConfigurationIsVisible = 0;
			defaultConfigurationName = Release;
		};
		F1D9CD8A1B12F4CD0052F810 /* Build configuration list for PBXNativeTarget "Desi" */ = {
			isa = XCConfigurationList;
			buildConfigurations = (
				F1D9CD8B1B12F4CD0052F810 /* Debug */,
				F1D9CD8C1B12F4CD0052F810 /* Release */,
			);
			defaultConfigurationIsVisible = 0;
			defaultConfigurationName = Release;
		};
		F1D9CD8D1B12F4CD0052F810 /* Build configuration list for PBXNativeTarget "DesiTests" */ = {
			isa = XCConfigurationList;
			buildConfigurations = (
				F1D9CD8E1B12F4CD0052F810 /* Debug */,
				F1D9CD8F1B12F4CD0052F810 /* Release */,
			);
			defaultConfigurationIsVisible = 0;
			defaultConfigurationName = Release;
		};
/* End XCConfigurationList section */

/* Begin XCVersionGroup section */
		F1DCDBA81B4F351200E4C048 /* Desi.xcdatamodeld */ = {
			isa = XCVersionGroup;
			children = (
				F1DCDBA91B4F351200E4C048 /* Desi.xcdatamodel */,
			);
			currentVersion = F1DCDBA91B4F351200E4C048 /* Desi.xcdatamodel */;
			path = Desi.xcdatamodeld;
			sourceTree = "<group>";
			versionGroupType = wrapper.xcdatamodel;
		};
/* End XCVersionGroup section */
	};
	rootObject = F1D9CD631B12F4CD0052F810 /* Project object */;
}
